
Microsoft Visual Studio Solution File, Format Version 12.00
# Visual Studio Version 17
VisualStudioVersion = 17.7.34024.191
MinimumVisualStudioVersion = 10.0.40219.1
Project("{FAE04EC0-301F-11D3-BF4B-00C04F79EFBC}") = "WebApplicationServer", "WebApplicationServer\WebApplicationServer.csproj", "{0F0F3C32-5094-47B1-8232-4DD472CB926B}"
EndProject
Global
	GlobalSection(SolutionConfigurationPlatforms) = preSolution
		Debug|Any CPU = Debug|Any CPU
		Release|Any CPU = Release|Any CPU
	EndGlobalSection
	GlobalSection(ProjectConfigurationPlatforms) = postSolution
		{0F0F3C32-5094-47B1-8232-4DD472CB926B}.Debug|Any CPU.ActiveCfg = Debug|Any CPU
		{0F0F3C32-5094-47B1-8232-4DD472CB926B}.Debug|Any CPU.Build.0 = Debug|Any CPU
		{0F0F3C32-5094-47B1-8232-4DD472CB926B}.Release|Any CPU.ActiveCfg = Release|Any CPU
		{0F0F3C32-5094-47B1-8232-4DD472CB926B}.Release|Any CPU.Build.0 = Release|Any CPU
	EndGlobalSection
	GlobalSection(SolutionProperties) = preSolution
		HideSolutionNode = FALSE
	EndGlobalSection
	GlobalSection(ExtensibilityGlobals) = postSolution
		SolutionGuid = {C677DD0D-CFDE-4C76-AB7C-A4AF8D3AB444}
	EndGlobalSection
EndGlobal
